// !$*UTF8*$!
{
	archiveVersion = 1;
	classes = {
	};
	objectVersion = 56;
	objects = {

/* Begin PBXBuildFile section */
		0423F0E62C0DDC8D005A5EE9 /* AppDelegate.swift in Sources */ = {isa = PBXBuildFile; fileRef = 0423F0E52C0DDC8D005A5EE9 /* AppDelegate.swift */; };
		0423F0E82C0DDC8D005A5EE9 /* SceneDelegate.swift in Sources */ = {isa = PBXBuildFile; fileRef = 0423F0E72C0DDC8D005A5EE9 /* SceneDelegate.swift */; };
		0423F0EA2C0DDC8D005A5EE9 /* ViewController.swift in Sources */ = {isa = PBXBuildFile; fileRef = 0423F0E92C0DDC8D005A5EE9 /* ViewController.swift */; };
		0423F0ED2C0DDC8D005A5EE9 /* Base in Resources */ = {isa = PBXBuildFile; fileRef = 0423F0EC2C0DDC8D005A5EE9 /* Base */; };
		0423F0EF2C0DDC8F005A5EE9 /* Assets.xcassets in Resources */ = {isa = PBXBuildFile; fileRef = 0423F0EE2C0DDC8F005A5EE9 /* Assets.xcassets */; };
		0423F0F22C0DDC8F005A5EE9 /* Base in Resources */ = {isa = PBXBuildFile; fileRef = 0423F0F12C0DDC8F005A5EE9 /* Base */; };
		0423F0FA2C0DDDCC005A5EE9 /* SiginScreenViewController.swift in Sources */ = {isa = PBXBuildFile; fileRef = 0423F0F92C0DDDCC005A5EE9 /* SiginScreenViewController.swift */; };
		0423F0FC2C0DE9A7005A5EE9 /* SignupScreenViewController.swift in Sources */ = {isa = PBXBuildFile; fileRef = 0423F0FB2C0DE9A7005A5EE9 /* SignupScreenViewController.swift */; };
		A1EF4D121106204F1EDF435E /* Pods_snapKitLayout.framework in Frameworks */ = {isa = PBXBuildFile; fileRef = 6332D91567B7A44FD43B7296 /* Pods_snapKitLayout.framework */; };
/* End PBXBuildFile section */

/* Begin PBXFileReference section */
		0423F0E22C0DDC8D005A5EE9 /* snapKitLayout.app */ = {isa = PBXFileReference; explicitFileType = wrapper.application; includeInIndex = 0; path = snapKitLayout.app; sourceTree = BUILT_PRODUCTS_DIR; };
		0423F0E52C0DDC8D005A5EE9 /* AppDelegate.swift */ = {isa = PBXFileReference; lastKnownFileType = sourcecode.swift; path = AppDelegate.swift; sourceTree = "<group>"; };
		0423F0E72C0DDC8D005A5EE9 /* SceneDelegate.swift */ = {isa = PBXFileReference; lastKnownFileType = sourcecode.swift; path = SceneDelegate.swift; sourceTree = "<group>"; };
		0423F0E92C0DDC8D005A5EE9 /* ViewController.swift */ = {isa = PBXFileReference; lastKnownFileType = sourcecode.swift; path = ViewController.swift; sourceTree = "<group>"; };
		0423F0EC2C0DDC8D005A5EE9 /* Base */ = {isa = PBXFileReference; lastKnownFileType = file.storyboard; name = Base; path = Base.lproj/Main.storyboard; sourceTree = "<group>"; };
		0423F0EE2C0DDC8F005A5EE9 /* Assets.xcassets */ = {isa = PBXFileReference; lastKnownFileType = folder.assetcatalog; path = Assets.xcassets; sourceTree = "<group>"; };
		0423F0F12C0DDC8F005A5EE9 /* Base */ = {isa = PBXFileReference; lastKnownFileType = file.storyboard; name = Base; path = Base.lproj/LaunchScreen.storyboard; sourceTree = "<group>"; };
		0423F0F32C0DDC8F005A5EE9 /* Info.plist */ = {isa = PBXFileReference; lastKnownFileType = text.plist.xml; path = Info.plist; sourceTree = "<group>"; };
		0423F0F92C0DDDCC005A5EE9 /* SiginScreenViewController.swift */ = {isa = PBXFileReference; lastKnownFileType = sourcecode.swift; path = SiginScreenViewController.swift; sourceTree = "<group>"; };
		0423F0FB2C0DE9A7005A5EE9 /* SignupScreenViewController.swift */ = {isa = PBXFileReference; lastKnownFileType = sourcecode.swift; path = SignupScreenViewController.swift; sourceTree = "<group>"; };
		3C834D5F7A1C91AD59B1E33E /* Pods-snapKitLayout.debug.xcconfig */ = {isa = PBXFileReference; includeInIndex = 1; lastKnownFileType = text.xcconfig; name = "Pods-snapKitLayout.debug.xcconfig"; path = "Target Support Files/Pods-snapKitLayout/Pods-snapKitLayout.debug.xcconfig"; sourceTree = "<group>"; };
		6332D91567B7A44FD43B7296 /* Pods_snapKitLayout.framework */ = {isa = PBXFileReference; explicitFileType = wrapper.framework; includeInIndex = 0; path = Pods_snapKitLayout.framework; sourceTree = BUILT_PRODUCTS_DIR; };
		E4A0AC66C0E3C7790E9E44D2 /* Pods-snapKitLayout.release.xcconfig */ = {isa = PBXFileReference; includeInIndex = 1; lastKnownFileType = text.xcconfig; name = "Pods-snapKitLayout.release.xcconfig"; path = "Target Support Files/Pods-snapKitLayout/Pods-snapKitLayout.release.xcconfig"; sourceTree = "<group>"; };
/* End PBXFileReference section */

/* Begin PBXFrameworksBuildPhase section */
		0423F0DF2C0DDC8D005A5EE9 /* Frameworks */ = {
			isa = PBXFrameworksBuildPhase;
			buildActionMask = 2147483647;
			files = (
				A1EF4D121106204F1EDF435E /* Pods_snapKitLayout.framework in Frameworks */,
			);
			runOnlyForDeploymentPostprocessing = 0;
		};
/* End PBXFrameworksBuildPhase section */

/* Begin PBXGroup section */
		0423F0D92C0DDC8D005A5EE9 = {
			isa = PBXGroup;
			children = (
				0423F0E42C0DDC8D005A5EE9 /* snapKitLayout */,
				0423F0E32C0DDC8D005A5EE9 /* Products */,
				4B54E6FA32BC1AE7B3E60389 /* Pods */,
				B68F912FB5CF8C99325EA4EB /* Frameworks */,
			);
			sourceTree = "<group>";
		};
		0423F0E32C0DDC8D005A5EE9 /* Products */ = {
			isa = PBXGroup;
			children = (
				0423F0E22C0DDC8D005A5EE9 /* snapKitLayout.app */,
			);
			name = Products;
			sourceTree = "<group>";
		};
		0423F0E42C0DDC8D005A5EE9 /* snapKitLayout */ = {
			isa = PBXGroup;
			children = (
				0423F0E52C0DDC8D005A5EE9 /* AppDelegate.swift */,
				0423F0E72C0DDC8D005A5EE9 /* SceneDelegate.swift */,
				0423F0E92C0DDC8D005A5EE9 /* ViewController.swift */,
				0423F0EB2C0DDC8D005A5EE9 /* Main.storyboard */,
				0423F0EE2C0DDC8F005A5EE9 /* Assets.xcassets */,
				0423F0F02C0DDC8F005A5EE9 /* LaunchScreen.storyboard */,
				0423F0F32C0DDC8F005A5EE9 /* Info.plist */,
				0423F0F92C0DDDCC005A5EE9 /* SiginScreenViewController.swift */,
				0423F0FB2C0DE9A7005A5EE9 /* SignupScreenViewController.swift */,
			);
			path = snapKitLayout;
			sourceTree = "<group>";
		};
		4B54E6FA32BC1AE7B3E60389 /* Pods */ = {
			isa = PBXGroup;
			children = (
				3C834D5F7A1C91AD59B1E33E /* Pods-snapKitLayout.debug.xcconfig */,
				E4A0AC66C0E3C7790E9E44D2 /* Pods-snapKitLayout.release.xcconfig */,
			);
			path = Pods;
			sourceTree = "<group>";
		};
		B68F912FB5CF8C99325EA4EB /* Frameworks */ = {
			isa = PBXGroup;
			children = (
				6332D91567B7A44FD43B7296 /* Pods_snapKitLayout.framework */,
			);
			name = Frameworks;
			sourceTree = "<group>";
		};
/* End PBXGroup section */

/* Begin PBXNativeTarget section */
		0423F0E12C0DDC8D005A5EE9 /* snapKitLayout */ = {
			isa = PBXNativeTarget;
			buildConfigurationList = 0423F0F62C0DDC8F005A5EE9 /* Build configuration list for PBXNativeTarget "snapKitLayout" */;
			buildPhases = (
				ADEFB11806076CBFDAE722D3 /* [CP] Check Pods Manifest.lock */,
				0423F0DE2C0DDC8D005A5EE9 /* Sources */,
				0423F0DF2C0DDC8D005A5EE9 /* Frameworks */,
				0423F0E02C0DDC8D005A5EE9 /* Resources */,
				E50A2EB523D67D6354DC096B /* [CP] Embed Pods Frameworks */,
			);
			buildRules = (
			);
			dependencies = (
			);
			name = snapKitLayout;
			productName = snapKitLayout;
			productReference = 0423F0E22C0DDC8D005A5EE9 /* snapKitLayout.app */;
			productType = "com.apple.product-type.application";
		};
/* End PBXNativeTarget section */

/* Begin PBXProject section */
		0423F0DA2C0DDC8D005A5EE9 /* Project object */ = {
			isa = PBXProject;
			attributes = {
				BuildIndependentTargetsInParallel = 1;
				LastSwiftUpdateCheck = 1540;
				LastUpgradeCheck = 1540;
				TargetAttributes = {
					0423F0E12C0DDC8D005A5EE9 = {
						CreatedOnToolsVersion = 15.4;
					};
				};
			};
			buildConfigurationList = 0423F0DD2C0DDC8D005A5EE9 /* Build configuration list for PBXProject "snapKitLayout" */;
			compatibilityVersion = "Xcode 14.0";
			developmentRegion = en;
			hasScannedForEncodings = 0;
			knownRegions = (
				en,
				Base,
			);
			mainGroup = 0423F0D92C0DDC8D005A5EE9;
			productRefGroup = 0423F0E32C0DDC8D005A5EE9 /* Products */;
			projectDirPath = "";
			projectRoot = "";
			targets = (
				0423F0E12C0DDC8D005A5EE9 /* snapKitLayout */,
			);
		};
/* End PBXProject section */

/* Begin PBXResourcesBuildPhase section */
		0423F0E02C0DDC8D005A5EE9 /* Resources */ = {
			isa = PBXResourcesBuildPhase;
			buildActionMask = 2147483647;
			files = (
				0423F0EF2C0DDC8F005A5EE9 /* Assets.xcassets in Resources */,
				0423F0F22C0DDC8F005A5EE9 /* Base in Resources */,
				0423F0ED2C0DDC8D005A5EE9 /* Base in Resources */,
			);
			runOnlyForDeploymentPostprocessing = 0;
		};
/* End PBXResourcesBuildPhase section */

/* Begin PBXShellScriptBuildPhase section */
		ADEFB11806076CBFDAE722D3 /* [CP] Check Pods Manifest.lock */ = {
			isa = PBXShellScriptBuildPhase;
			buildActionMask = 2147483647;
			files = (
			);
			inputFileListPaths = (
			);
			inputPaths = (
				"${PODS_PODFILE_DIR_PATH}/Podfile.lock",
				"${PODS_ROOT}/Manifest.lock",
			);
			name = "[CP] Check Pods Manifest.lock";
			outputFileListPaths = (
			);
			outputPaths = (
				"$(DERIVED_FILE_DIR)/Pods-snapKitLayout-checkManifestLockResult.txt",
			);
			runOnlyForDeploymentPostprocessing = 0;
			shellPath = /bin/sh;
			shellScript = "diff \"${PODS_PODFILE_DIR_PATH}/Podfile.lock\" \"${PODS_ROOT}/Manifest.lock\" > /dev/null\nif [ $? != 0 ] ; then\n    # print error to STDERR\n    echo \"error: The sandbox is not in sync with the Podfile.lock. Run 'pod install' or update your CocoaPods installation.\" >&2\n    exit 1\nfi\n# This output is used by Xcode 'outputs' to avoid re-running this script phase.\necho \"SUCCESS\" > \"${SCRIPT_OUTPUT_FILE_0}\"\n";
			showEnvVarsInLog = 0;
		};
		E50A2EB523D67D6354DC096B /* [CP] Embed Pods Frameworks */ = {
			isa = PBXShellScriptBuildPhase;
			buildActionMask = 2147483647;
			files = (
			);
			inputFileListPaths = (
				"${PODS_ROOT}/Target Support Files/Pods-snapKitLayout/Pods-snapKitLayout-frameworks-${CONFIGURATION}-input-files.xcfilelist",
			);
			name = "[CP] Embed Pods Frameworks";
			outputFileListPaths = (
				"${PODS_ROOT}/Target Support Files/Pods-snapKitLayout/Pods-snapKitLayout-frameworks-${CONFIGURATION}-output-files.xcfilelist",
			);
			runOnlyForDeploymentPostprocessing = 0;
			shellPath = /bin/sh;
			shellScript = "\"${PODS_ROOT}/Target Support Files/Pods-snapKitLayout/Pods-snapKitLayout-frameworks.sh\"\n";
			showEnvVarsInLog = 0;
		};
/* End PBXShellScriptBuildPhase section */

/* Begin PBXSourcesBuildPhase section */
		0423F0DE2C0DDC8D005A5EE9 /* Sources */ = {
			isa = PBXSourcesBuildPhase;
			buildActionMask = 2147483647;
			files = (
				0423F0EA2C0DDC8D005A5EE9 /* ViewController.swift in Sources */,
				0423F0E62C0DDC8D005A5EE9 /* AppDelegate.swift in Sources */,
				0423F0E82C0DDC8D005A5EE9 /* SceneDelegate.swift in Sources */,
				0423F0FA2C0DDDCC005A5EE9 /* SiginScreenViewController.swift in Sources */,
				0423F0FC2C0DE9A7005A5EE9 /* SignupScreenViewController.swift in Sources */,
			);
			runOnlyForDeploymentPostprocessing = 0;
		};
/* End PBXSourcesBuildPhase section */

/* Begin PBXVariantGroup section */
		0423F0EB2C0DDC8D005A5EE9 /* Main.storyboard */ = {
			isa = PBXVariantGroup;
			children = (
				0423F0EC2C0DDC8D005A5EE9 /* Base */,
			);
			name = Main.storyboard;
			sourceTree = "<group>";
		};
		0423F0F02C0DDC8F005A5EE9 /* LaunchScreen.storyboard */ = {
			isa = PBXVariantGroup;
			children = (
				0423F0F12C0DDC8F005A5EE9 /* Base */,
			);
			name = LaunchScreen.storyboard;
			sourceTree = "<group>";
		};
/* End PBXVariantGroup section */

/* Begin XCBuildConfiguration section */
		0423F0F42C0DDC8F005A5EE9 /* Debug */ = {
			isa = XCBuildConfiguration;
			buildSettings = {
				ALWAYS_SEARCH_USER_PATHS = NO;
				ASSETCATALOG_COMPILER_GENERATE_SWIFT_ASSET_SYMBOL_EXTENSIONS = YES;
				CLANG_ANALYZER_NONNULL = YES;
				CLANG_ANALYZER_NUMBER_OBJECT_CONVERSION = YES_AGGRESSIVE;
				CLANG_CXX_LANGUAGE_STANDARD = "gnu++20";
				CLANG_ENABLE_MODULES = YES;
				CLANG_ENABLE_OBJC_ARC = YES;
				CLANG_ENABLE_OBJC_WEAK = YES;
				CLANG_WARN_BLOCK_CAPTURE_AUTORELEASING = YES;
				CLANG_WARN_BOOL_CONVERSION = YES;
				CLANG_WARN_COMMA = YES;
				CLANG_WARN_CONSTANT_CONVERSION = YES;
				CLANG_WARN_DEPRECATED_OBJC_IMPLEMENTATIONS = YES;
				CLANG_WARN_DIRECT_OBJC_ISA_USAGE = YES_ERROR;
				CLANG_WARN_DOCUMENTATION_COMMENTS = YES;
				CLANG_WARN_EMPTY_BODY = YES;
				CLANG_WARN_ENUM_CONVERSION = YES;
				CLANG_WARN_INFINITE_RECURSION = YES;
				CLANG_WARN_INT_CONVERSION = YES;
				CLANG_WARN_NON_LITERAL_NULL_CONVERSION = YES;
				CLANG_WARN_OBJC_IMPLICIT_RETAIN_SELF = YES;
				CLANG_WARN_OBJC_LITERAL_CONVERSION = YES;
				CLANG_WARN_OBJC_ROOT_CLASS = YES_ERROR;
				CLANG_WARN_QUOTED_INCLUDE_IN_FRAMEWORK_HEADER = YES;
				CLANG_WARN_RANGE_LOOP_ANALYSIS = YES;
				CLANG_WARN_STRICT_PROTOTYPES = YES;
				CLANG_WARN_SUSPICIOUS_MOVE = YES;
				CLANG_WARN_UNGUARDED_AVAILABILITY = YES_AGGRESSIVE;
				CLANG_WARN_UNREACHABLE_CODE = YES;
				CLANG_WARN__DUPLICATE_METHOD_MATCH = YES;
				COPY_PHASE_STRIP = NO;
				DEBUG_INFORMATION_FORMAT = dwarf;
				ENABLE_STRICT_OBJC_MSGSEND = YES;
				ENABLE_TESTABILITY = YES;
				ENABLE_USER_SCRIPT_SANDBOXING = NO;
				GCC_C_LANGUAGE_STANDARD = gnu17;
				GCC_DYNAMIC_NO_PIC = NO;
				GCC_NO_COMMON_BLOCKS = YES;
				GCC_OPTIMIZATION_LEVEL = 0;
				GCC_PREPROCESSOR_DEFINITIONS = (
					"DEBUG=1",
					"$(inherited)",
				);
				GCC_WARN_64_TO_32_BIT_CONVERSION = YES;
				GCC_WARN_ABOUT_RETURN_TYPE = YES_ERROR;
				GCC_WARN_UNDECLARED_SELECTOR = YES;
				GCC_WARN_UNINITIALIZED_AUTOS = YES_AGGRESSIVE;
				GCC_WARN_UNUSED_FUNCTION = YES;
				GCC_WARN_UNUSED_VARIABLE = YES;
				IPHONEOS_DEPLOYMENT_TARGET = 17.5;
				LOCALIZATION_PREFERS_STRING_CATALOGS = YES;
				MTL_ENABLE_DEBUG_INFO = INCLUDE_SOURCE;
				MTL_FAST_MATH = YES;
				ONLY_ACTIVE_ARCH = YES;
				SDKROOT = iphoneos;
				SWIFT_ACTIVE_COMPILATION_CONDITIONS = "DEBUG $(inherited)";
				SWIFT_OPTIMIZATION_LEVEL = "-Onone";
			};
			name = Debug;
		};
		0423F0F52C0DDC8F005A5EE9 /* Release */ = {
			isa = XCBuildConfiguration;
			buildSettings = {
				ALWAYS_SEARCH_USER_PATHS = NO;
				ASSETCATALOG_COMPILER_GENERATE_SWIFT_ASSET_SYMBOL_EXTENSIONS = YES;
				CLANG_ANALYZER_NONNULL = YES;
				CLANG_ANALYZER_NUMBER_OBJECT_CONVERSION = YES_AGGRESSIVE;
				CLANG_CXX_LANGUAGE_STANDARD = "gnu++20";
				CLANG_ENABLE_MODULES = YES;
				CLANG_ENABLE_OBJC_ARC = YES;
				CLANG_ENABLE_OBJC_WEAK = YES;
				CLANG_WARN_BLOCK_CAPTURE_AUTORELEASING = YES;
				CLANG_WARN_BOOL_CONVERSION = YES;
				CLANG_WARN_COMMA = YES;
				CLANG_WARN_CONSTANT_CONVERSION = YES;
				CLANG_WARN_DEPRECATED_OBJC_IMPLEMENTATIONS = YES;
				CLANG_WARN_DIRECT_OBJC_ISA_USAGE = YES_ERROR;
				CLANG_WARN_DOCUMENTATION_COMMENTS = YES;
				CLANG_WARN_EMPTY_BODY = YES;
				CLANG_WARN_ENUM_CONVERSION = YES;
				CLANG_WARN_INFINITE_RECURSION = YES;
				CLANG_WARN_INT_CONVERSION = YES;
				CLANG_WARN_NON_LITERAL_NULL_CONVERSION = YES;
				CLANG_WARN_OBJC_IMPLICIT_RETAIN_SELF = YES;
				CLANG_WARN_OBJC_LITERAL_CONVERSION = YES;
				CLANG_WARN_OBJC_ROOT_CLASS = YES_ERROR;
				CLANG_WARN_QUOTED_INCLUDE_IN_FRAMEWORK_HEADER = YES;
				CLANG_WARN_RANGE_LOOP_ANALYSIS = YES;
				CLANG_WARN_STRICT_PROTOTYPES = YES;
				CLANG_WARN_SUSPICIOUS_MOVE = YES;
				CLANG_WARN_UNGUARDED_AVAILABILITY = YES_AGGRESSIVE;
				CLANG_WARN_UNREACHABLE_CODE = YES;
				CLANG_WARN__DUPLICATE_METHOD_MATCH = YES;
				COPY_PHASE_STRIP = NO;
				DEBUG_INFORMATION_FORMAT = "dwarf-with-dsym";
				ENABLE_NS_ASSERTIONS = NO;
				ENABLE_STRICT_OBJC_MSGSEND = YES;
				ENABLE_USER_SCRIPT_SANDBOXING = NO;
				GCC_C_LANGUAGE_STANDARD = gnu17;
				GCC_NO_COMMON_BLOCKS = YES;
				GCC_WARN_64_TO_32_BIT_CONVERSION = YES;
				GCC_WARN_ABOUT_RETURN_TYPE = YES_ERROR;
				GCC_WARN_UNDECLARED_SELECTOR = YES;
				GCC_WARN_UNINITIALIZED_AUTOS = YES_AGGRESSIVE;
				GCC_WARN_UNUSED_FUNCTION = YES;
				GCC_WARN_UNUSED_VARIABLE = YES;
				IPHONEOS_DEPLOYMENT_TARGET = 17.5;
				LOCALIZATION_PREFERS_STRING_CATALOGS = YES;
				MTL_ENABLE_DEBUG_INFO = NO;
				MTL_FAST_MATH = YES;
				SDKROOT = iphoneos;
				SWIFT_COMPILATION_MODE = wholemodule;
				VALIDATE_PRODUCT = YES;
			};
			name = Release;
		};
		0423F0F72C0DDC8F005A5EE9 /* Debug */ = {
			isa = XCBuildConfiguration;
			baseConfigurationReference = 3C834D5F7A1C91AD59B1E33E /* Pods-snapKitLayout.debug.xcconfig */;
			buildSettings = {
				ASSETCATALOG_COMPILER_APPICON_NAME = AppIcon;
				ASSETCATALOG_COMPILER_GLOBAL_ACCENT_COLOR_NAME = AccentColor;
				CODE_SIGN_STYLE = Automatic;
				CURRENT_PROJECT_VERSION = 1;
				GENERATE_INFOPLIST_FILE = YES;
				INFOPLIST_FILE = snapKitLayout/Info.plist;
				INFOPLIST_KEY_UIApplicationSupportsIndirectInputEvents = YES;
				INFOPLIST_KEY_UILaunchStoryboardName = LaunchScreen;
				INFOPLIST_KEY_UIMainStoryboardFile = Main;
				INFOPLIST_KEY_UISupportedInterfaceOrientations_iPad = "UIInterfaceOrientationPortrait UIInterfaceOrientationPortraitUpsideDown UIInterfaceOrientationLandscapeLeft UIInterfaceOrientationLandscapeRight";
				INFOPLIST_KEY_UISupportedInterfaceOrientations_iPhone = "UIInterfaceOrientationPortrait UIInterfaceOrientationLandscapeLeft UIInterfaceOrientationLandscapeRight";
				IPHONEOS_DEPLOYMENT_TARGET = 13.0;
				LD_RUNPATH_SEARCH_PATHS = (
					"$(inherited)",
					"@executable_path/Frameworks",
				);
				MARKETING_VERSION = 1.0;
				PRODUCT_BUNDLE_IDENTIFIER = test.snapKitLayout;
				PRODUCT_NAME = "$(TARGET_NAME)";
				SWIFT_EMIT_LOC_STRINGS = YES;
				SWIFT_VERSION = 5.0;
				TARGETED_DEVICE_FAMILY = "1,2";
			};
			name = Debug;
		};
		0423F0F82C0DDC8F005A5EE9 /* Release */ = {
			isa = XCBuildConfiguration;
			baseConfigurationReference = E4A0AC66C0E3C7790E9E44D2 /* Pods-snapKitLayout.release.xcconfig */;
			buildSettings = {
				ASSETCATALOG_COMPILER_APPICON_NAME = AppIcon;
				ASSETCATALOG_COMPILER_GLOBAL_ACCENT_COLOR_NAME = AccentColor;
				CODE_SIGN_STYLE = Automatic;
				CURRENT_PROJECT_VERSION = 1;
				GENERATE_INFOPLIST_FILE = YES;
				INFOPLIST_FILE = snapKitLayout/Info.plist;
				INFOPLIST_KEY_UIApplicationSupportsIndirectInputEvents = YES;
				INFOPLIST_KEY_UILaunchStoryboardName = LaunchScreen;
				INFOPLIST_KEY_UIMainStoryboardFile = Main;
				INFOPLIST_KEY_UISupportedInterfaceOrientations_iPad = "UIInterfaceOrientationPortrait UIInterfaceOrientationPortraitUpsideDown UIInterfaceOrientationLandscapeLeft UIInterfaceOrientationLandscapeRight";
				INFOPLIST_KEY_UISupportedInterfaceOrientations_iPhone = "UIInterfaceOrientationPortrait UIInterfaceOrientationLandscapeLeft UIInterfaceOrientationLandscapeRight";
				IPHONEOS_DEPLOYMENT_TARGET = 13.0;
				LD_RUNPATH_SEARCH_PATHS = (
					"$(inherited)",
					"@executable_path/Frameworks",
				);
				MARKETING_VERSION = 1.0;
				PRODUCT_BUNDLE_IDENTIFIER = test.snapKitLayout;
				PRODUCT_NAME = "$(TARGET_NAME)";
				SWIFT_EMIT_LOC_STRINGS = YES;
				SWIFT_VERSION = 5.0;
				TARGETED_DEVICE_FAMILY = "1,2";
			};
			name = Release;
		};
/* End XCBuildConfiguration section */

/* Begin XCConfigurationList section */
		0423F0DD2C0DDC8D005A5EE9 /* Build configuration list for PBXProject "snapKitLayout" */ = {
			isa = XCConfigurationList;
			buildConfigurations = (
				0423F0F42C0DDC8F005A5EE9 /* Debug */,
				0423F0F52C0DDC8F005A5EE9 /* Release */,
			);
			defaultConfigurationIsVisible = 0;
			defaultConfigurationName = Release;
		};
		0423F0F62C0DDC8F005A5EE9 /* Build configuration list for PBXNativeTarget "snapKitLayout" */ = {
			isa = XCConfigurationList;
			buildConfigurations = (
				0423F0F72C0DDC8F005A5EE9 /* Debug */,
				0423F0F82C0DDC8F005A5EE9 /* Release */,
			);
			defaultConfigurationIsVisible = 0;
			defaultConfigurationName = Release;
		};
/* End XCConfigurationList section */
	};
	rootObject = 0423F0DA2C0DDC8D005A5EE9 /* Project object */;
}
